
Microsoft Visual Studio Solution File, Format Version 12.00
# Visual Studio Version 16
VisualStudioVersion = 16.0.31112.23
MinimumVisualStudioVersion = 10.0.40219.1
Project("{FAE04EC0-301F-11D3-BF4B-00C04F79EFBC}") = "CeUAA11_2023_SimonA5tti1", "CeUAA11_2023_SimonA5tti1\CeUAA11_2023_SimonA5tti1.csproj", "{37B30679-7FCF-40C5-B1E5-BACC0C8B368F}"
EndProject
Global
	GlobalSection(SolutionConfigurationPlatforms) = preSolution
		Debug|Any CPU = Debug|Any CPU
		Release|Any CPU = Release|Any CPU
	EndGlobalSection
	GlobalSection(ProjectConfigurationPlatforms) = postSolution
		{37B30679-7FCF-40C5-B1E5-BACC0C8B368F}.Debug|Any CPU.ActiveCfg = Debug|Any CPU
		{37B30679-7FCF-40C5-B1E5-BACC0C8B368F}.Debug|Any CPU.Build.0 = Debug|Any CPU
		{37B30679-7FCF-40C5-B1E5-BACC0C8B368F}.Release|Any CPU.ActiveCfg = Release|Any CPU
		{37B30679-7FCF-40C5-B1E5-BACC0C8B368F}.Release|Any CPU.Build.0 = Release|Any CPU
	EndGlobalSection
	GlobalSection(SolutionProperties) = preSolution
		HideSolutionNode = FALSE
	EndGlobalSection
	GlobalSection(ExtensibilityGlobals) = postSolution
		SolutionGuid = {12894868-2684-41AD-8B92-F1B2A95A34D7}
	EndGlobalSection
EndGlobal
